
Microsoft Visual Studio Solution File, Format Version 12.00
# Visual Studio Version 17
VisualStudioVersion = 17.10.34607.79
MinimumVisualStudioVersion = 10.0.40219.1
Project("{9A19103F-16F7-4668-BE54-9A1E7A4F7556}") = "MicroPlumberd", "MicroPlumberd\MicroPlumberd.csproj", "{0BC48811-047F-47E0-AC76-FA1FEB8DCA53}"
EndProject
Project("{9A19103F-16F7-4668-BE54-9A1E7A4F7556}") = "MicroPlumberd.SourceGenerators", "MicroPlumberd.SourceGenerators\MicroPlumberd.SourceGenerators.csproj", "{8B1B9298-4D0F-4EED-BCFF-58754B1B6C31}"
EndProject
Project("{9A19103F-16F7-4668-BE54-9A1E7A4F7556}") = "MicroPlumberd.Tests", "MicroPlumberd.Tests\MicroPlumberd.Tests.csproj", "{075AC1B2-C859-48AF-9275-ACA4E7D77ABB}"
EndProject
Project("{9A19103F-16F7-4668-BE54-9A1E7A4F7556}") = "MicroPlumberd.DirectConnect", "MicroPlumberd.DirectConnect\MicroPlumberd.DirectConnect.csproj", "{7DC01D07-9F17-47F1-9CF1-1E7A068A2647}"
EndProject
Project("{2150E333-8FDC-42A3-9474-1A3956D46DE8}") = "Solution Items", "Solution Items", "{80E95089-6BBE-4CE2-97FD-EAB8EDF7D0E4}"
	ProjectSection(SolutionItems) = preProject
		..\cake.ps1 = ..\cake.ps1
	EndProjectSection
EndProject
Global
	GlobalSection(SolutionConfigurationPlatforms) = preSolution
		Debug|Any CPU = Debug|Any CPU
		Release|Any CPU = Release|Any CPU
	EndGlobalSection
	GlobalSection(ProjectConfigurationPlatforms) = postSolution
		{0BC48811-047F-47E0-AC76-FA1FEB8DCA53}.Debug|Any CPU.ActiveCfg = Debug|Any CPU
		{0BC48811-047F-47E0-AC76-FA1FEB8DCA53}.Debug|Any CPU.Build.0 = Debug|Any CPU
		{0BC48811-047F-47E0-AC76-FA1FEB8DCA53}.Release|Any CPU.ActiveCfg = Release|Any CPU
		{0BC48811-047F-47E0-AC76-FA1FEB8DCA53}.Release|Any CPU.Build.0 = Release|Any CPU
		{8B1B9298-4D0F-4EED-BCFF-58754B1B6C31}.Debug|Any CPU.ActiveCfg = Debug|Any CPU
		{8B1B9298-4D0F-4EED-BCFF-58754B1B6C31}.Debug|Any CPU.Build.0 = Debug|Any CPU
		{8B1B9298-4D0F-4EED-BCFF-58754B1B6C31}.Release|Any CPU.ActiveCfg = Release|Any CPU
		{8B1B9298-4D0F-4EED-BCFF-58754B1B6C31}.Release|Any CPU.Build.0 = Release|Any CPU
		{075AC1B2-C859-48AF-9275-ACA4E7D77ABB}.Debug|Any CPU.ActiveCfg = Debug|Any CPU
		{075AC1B2-C859-48AF-9275-ACA4E7D77ABB}.Debug|Any CPU.Build.0 = Debug|Any CPU
		{075AC1B2-C859-48AF-9275-ACA4E7D77ABB}.Release|Any CPU.ActiveCfg = Release|Any CPU
		{075AC1B2-C859-48AF-9275-ACA4E7D77ABB}.Release|Any CPU.Build.0 = Release|Any CPU
		{7DC01D07-9F17-47F1-9CF1-1E7A068A2647}.Debug|Any CPU.ActiveCfg = Debug|Any CPU
		{7DC01D07-9F17-47F1-9CF1-1E7A068A2647}.Debug|Any CPU.Build.0 = Debug|Any CPU
		{7DC01D07-9F17-47F1-9CF1-1E7A068A2647}.Release|Any CPU.ActiveCfg = Release|Any CPU
		{7DC01D07-9F17-47F1-9CF1-1E7A068A2647}.Release|Any CPU.Build.0 = Release|Any CPU
	EndGlobalSection
	GlobalSection(SolutionProperties) = preSolution
		HideSolutionNode = FALSE
	EndGlobalSection
	GlobalSection(ExtensibilityGlobals) = postSolution
		SolutionGuid = {CBFD8B4D-6BEE-45DF-8568-2B6CC0E5ACB2}
	EndGlobalSection
EndGlobal
