
Microsoft Visual Studio Solution File, Format Version 12.00
# Visual Studio Version 17
VisualStudioVersion = 17.10.34607.79
MinimumVisualStudioVersion = 10.0.40219.1
Project("{9A19103F-16F7-4668-BE54-9A1E7A4F7556}") = "MicroPlumberd", "MicroPlumberd\MicroPlumberd.csproj", "{0BC48811-047F-47E0-AC76-FA1FEB8DCA53}"
EndProject
Project("{9A19103F-16F7-4668-BE54-9A1E7A4F7556}") = "MicroPlumberd.SourceGenerators", "MicroPlumberd.SourceGenerators\MicroPlumberd.SourceGenerators.csproj", "{8B1B9298-4D0F-4EED-BCFF-58754B1B6C31}"
EndProject
Project("{9A19103F-16F7-4668-BE54-9A1E7A4F7556}") = "MicroPlumberd.Tests", "MicroPlumberd.Tests\MicroPlumberd.Tests.csproj", "{075AC1B2-C859-48AF-9275-ACA4E7D77ABB}"
EndProject
Project("{9A19103F-16F7-4668-BE54-9A1E7A4F7556}") = "MicroPlumberd.Services.Grpc.DirectConnect", "MicroPlumberd.DirectConnect\MicroPlumberd.Services.Grpc.DirectConnect.csproj", "{7DC01D07-9F17-47F1-9CF1-1E7A068A2647}"
EndProject
Project("{2150E333-8FDC-42A3-9474-1A3956D46DE8}") = "Solution Items", "Solution Items", "{80E95089-6BBE-4CE2-97FD-EAB8EDF7D0E4}"
	ProjectSection(SolutionItems) = preProject
		..\cake.ps1 = ..\cake.ps1
		..\docfx.json = ..\docfx.json
	EndProjectSection
EndProject
Project("{9A19103F-16F7-4668-BE54-9A1E7A4F7556}") = "MicroPlumberd.Services", "MicroPlumberd.Services\MicroPlumberd.Services.csproj", "{513E10D3-337C-4D76-AAA4-C630F56F995F}"
EndProject
Project("{9A19103F-16F7-4668-BE54-9A1E7A4F7556}") = "MicroPlumberd.CommandBus.Abstractions", "MicroPlumberd.CommandBus.Abstractions\MicroPlumberd.CommandBus.Abstractions.csproj", "{E1D86855-6F63-4A52-B602-73F7CDFAF9C3}"
EndProject
Project("{9A19103F-16F7-4668-BE54-9A1E7A4F7556}") = "MicroPlumberd.ProcessManager.Abstractions", "MicroPlumberd.ProcessManager.Abstractions\MicroPlumberd.ProcessManager.Abstractions.csproj", "{CCDC0779-E2EA-4A00-910B-23ADED419664}"
EndProject
Project("{9A19103F-16F7-4668-BE54-9A1E7A4F7556}") = "MicroPlumberd.Services.ProcessManagers", "MicroPlumberd.Services.ProcessManager\MicroPlumberd.Services.ProcessManagers.csproj", "{BBF8285D-AD1C-4D8B-BC87-34AA17D349D6}"
EndProject
Project("{9A19103F-16F7-4668-BE54-9A1E7A4F7556}") = "MicroPlumberd.Services.Uniqueness", "MicroPlumberd.Services.Uniqueness\MicroPlumberd.Services.Uniqueness.csproj", "{045F1BF3-8B3F-4D10-9D5E-258CA8EA8B79}"
EndProject
Project("{9A19103F-16F7-4668-BE54-9A1E7A4F7556}") = "MicroPlumberd.Testing", "MicroPlumberd.Testing\MicroPlumberd.Testing.csproj", "{48E3AADE-3714-4A87-ADFD-93C94C9C3ACC}"
EndProject
Project("{9A19103F-16F7-4668-BE54-9A1E7A4F7556}") = "MicroPlumberd.SpecFlow.SourceGenerators", "MicroPlumberd.SpecFlow.SourceGenerators\MicroPlumberd.SpecFlow.SourceGenerators.csproj", "{A5B10C29-5455-4B05-9A73-8D485F863F73}"
EndProject
Project("{9A19103F-16F7-4668-BE54-9A1E7A4F7556}") = "MicroPlumberd.Tests.App", "MicroPlumberd.Tests.App\MicroPlumberd.Tests.App.csproj", "{D16CFC5A-7F40-4BF1-BB2E-43AB22CB1279}"
EndProject
Project("{9A19103F-16F7-4668-BE54-9A1E7A4F7556}") = "MicroPlumberd.Tests.App.Dsl", "MicroPlumberd.Tests.App.Dsl\MicroPlumberd.Tests.App.Dsl.csproj", "{E52157F9-464A-4712-B905-F94175B970FC}"
EndProject
Project("{9A19103F-16F7-4668-BE54-9A1E7A4F7556}") = "MicroPlumberd.Protobuf", "MicroPlumberd.Protobuf\MicroPlumberd.Protobuf.csproj", "{79722960-21DA-451D-9B76-6998973EF127}"
EndProject
Project("{2150E333-8FDC-42A3-9474-1A3956D46DE8}") = "Tools", "Tools", "{7E88866D-D083-4C32-877D-A8FE03A220B8}"
EndProject
Project("{9A19103F-16F7-4668-BE54-9A1E7A4F7556}") = "Markdown2Toc", "Markdown2Toc\Markdown2Toc.csproj", "{E6499CAF-E1F0-4970-B695-78E7E359DCEF}"
EndProject
Project("{2150E333-8FDC-42A3-9474-1A3956D46DE8}") = "Examples", "Examples", "{9C767501-1305-4751-9F94-0801E9CC82C8}"
EndProject
Project("{9A19103F-16F7-4668-BE54-9A1E7A4F7556}") = "MicroPlumberd.Examples.Cinema", "MicroPlumberd.Examples.Cinema\MicroPlumberd.Examples.Cinema.csproj", "{7A8AE12D-3950-40DD-BC12-0606DE62538C}"
EndProject
Project("{9A19103F-16F7-4668-BE54-9A1E7A4F7556}") = "MicroPlumberd.Encryption", "MicroPlumberd.Encryption\MicroPlumberd.Encryption.csproj", "{2174C66D-DC93-4264-B231-1FA5123809B4}"
EndProject
Project("{FAE04EC0-301F-11D3-BF4B-00C04F79EFBC}") = "MicroPluberd.Examples.Blazor.Identity", "MicroPluberd.Examples.Blazor.Identity\MicroPluberd.Examples.Blazor.Identity.csproj", "{D76F227B-96E6-F8F9-3B3E-B5D731931E5D}"
EndProject
Project("{FAE04EC0-301F-11D3-BF4B-00C04F79EFBC}") = "MicroPlumberd.Services.Identity", "MicroPlumberd.Service.Identity\MicroPlumberd.Services.Identity.csproj", "{D7348503-B01D-4CF1-8D65-701C371D60B5}"
EndProject
Project("{FAE04EC0-301F-11D3-BF4B-00C04F79EFBC}") = "MicroPluberd.Examples.Blazor.Identity2", "MicroPluberd.Examples.Blazor.Identity2\MicroPluberd.Examples.Blazor.Identity2.csproj", "{9A7D0AC3-7A71-5B60-9277-7A8AD14BEE3E}"
EndProject
Project("{FAE04EC0-301F-11D3-BF4B-00C04F79EFBC}") = "MicroPlumberd.Services.Cron", "MicroPlumberd.Cron\MicroPlumberd.Services.Cron.csproj", "{D18CACFE-97DC-49A2-9BE7-02A825BB35A1}"
EndProject
Project("{FAE04EC0-301F-11D3-BF4B-00C04F79EFBC}") = "MicroPlumberd.Services.Cron.Ui", "MicroPlumberd.Cron.Ui\MicroPlumberd.Services.Cron.Ui.csproj", "{FDB7B1FA-014F-414C-BA06-663A2568A689}"
EndProject
Global
	GlobalSection(SolutionConfigurationPlatforms) = preSolution
		Debug|Any CPU = Debug|Any CPU
		Release|Any CPU = Release|Any CPU
	EndGlobalSection
	GlobalSection(ProjectConfigurationPlatforms) = postSolution
		{0BC48811-047F-47E0-AC76-FA1FEB8DCA53}.Debug|Any CPU.ActiveCfg = Debug|Any CPU
		{0BC48811-047F-47E0-AC76-FA1FEB8DCA53}.Debug|Any CPU.Build.0 = Debug|Any CPU
		{0BC48811-047F-47E0-AC76-FA1FEB8DCA53}.Release|Any CPU.ActiveCfg = Release|Any CPU
		{0BC48811-047F-47E0-AC76-FA1FEB8DCA53}.Release|Any CPU.Build.0 = Release|Any CPU
		{8B1B9298-4D0F-4EED-BCFF-58754B1B6C31}.Debug|Any CPU.ActiveCfg = Debug|Any CPU
		{8B1B9298-4D0F-4EED-BCFF-58754B1B6C31}.Debug|Any CPU.Build.0 = Debug|Any CPU
		{8B1B9298-4D0F-4EED-BCFF-58754B1B6C31}.Release|Any CPU.ActiveCfg = Release|Any CPU
		{8B1B9298-4D0F-4EED-BCFF-58754B1B6C31}.Release|Any CPU.Build.0 = Release|Any CPU
		{075AC1B2-C859-48AF-9275-ACA4E7D77ABB}.Debug|Any CPU.ActiveCfg = Debug|Any CPU
		{075AC1B2-C859-48AF-9275-ACA4E7D77ABB}.Debug|Any CPU.Build.0 = Debug|Any CPU
		{075AC1B2-C859-48AF-9275-ACA4E7D77ABB}.Release|Any CPU.ActiveCfg = Release|Any CPU
		{075AC1B2-C859-48AF-9275-ACA4E7D77ABB}.Release|Any CPU.Build.0 = Release|Any CPU
		{7DC01D07-9F17-47F1-9CF1-1E7A068A2647}.Debug|Any CPU.ActiveCfg = Debug|Any CPU
		{7DC01D07-9F17-47F1-9CF1-1E7A068A2647}.Debug|Any CPU.Build.0 = Debug|Any CPU
		{7DC01D07-9F17-47F1-9CF1-1E7A068A2647}.Release|Any CPU.ActiveCfg = Release|Any CPU
		{7DC01D07-9F17-47F1-9CF1-1E7A068A2647}.Release|Any CPU.Build.0 = Release|Any CPU
		{513E10D3-337C-4D76-AAA4-C630F56F995F}.Debug|Any CPU.ActiveCfg = Debug|Any CPU
		{513E10D3-337C-4D76-AAA4-C630F56F995F}.Debug|Any CPU.Build.0 = Debug|Any CPU
		{513E10D3-337C-4D76-AAA4-C630F56F995F}.Release|Any CPU.ActiveCfg = Release|Any CPU
		{513E10D3-337C-4D76-AAA4-C630F56F995F}.Release|Any CPU.Build.0 = Release|Any CPU
		{E1D86855-6F63-4A52-B602-73F7CDFAF9C3}.Debug|Any CPU.ActiveCfg = Debug|Any CPU
		{E1D86855-6F63-4A52-B602-73F7CDFAF9C3}.Debug|Any CPU.Build.0 = Debug|Any CPU
		{E1D86855-6F63-4A52-B602-73F7CDFAF9C3}.Release|Any CPU.ActiveCfg = Release|Any CPU
		{E1D86855-6F63-4A52-B602-73F7CDFAF9C3}.Release|Any CPU.Build.0 = Release|Any CPU
		{CCDC0779-E2EA-4A00-910B-23ADED419664}.Debug|Any CPU.ActiveCfg = Debug|Any CPU
		{CCDC0779-E2EA-4A00-910B-23ADED419664}.Debug|Any CPU.Build.0 = Debug|Any CPU
		{CCDC0779-E2EA-4A00-910B-23ADED419664}.Release|Any CPU.ActiveCfg = Release|Any CPU
		{CCDC0779-E2EA-4A00-910B-23ADED419664}.Release|Any CPU.Build.0 = Release|Any CPU
		{BBF8285D-AD1C-4D8B-BC87-34AA17D349D6}.Debug|Any CPU.ActiveCfg = Debug|Any CPU
		{BBF8285D-AD1C-4D8B-BC87-34AA17D349D6}.Debug|Any CPU.Build.0 = Debug|Any CPU
		{BBF8285D-AD1C-4D8B-BC87-34AA17D349D6}.Release|Any CPU.ActiveCfg = Release|Any CPU
		{BBF8285D-AD1C-4D8B-BC87-34AA17D349D6}.Release|Any CPU.Build.0 = Release|Any CPU
		{045F1BF3-8B3F-4D10-9D5E-258CA8EA8B79}.Debug|Any CPU.ActiveCfg = Debug|Any CPU
		{045F1BF3-8B3F-4D10-9D5E-258CA8EA8B79}.Debug|Any CPU.Build.0 = Debug|Any CPU
		{045F1BF3-8B3F-4D10-9D5E-258CA8EA8B79}.Release|Any CPU.ActiveCfg = Release|Any CPU
		{045F1BF3-8B3F-4D10-9D5E-258CA8EA8B79}.Release|Any CPU.Build.0 = Release|Any CPU
		{48E3AADE-3714-4A87-ADFD-93C94C9C3ACC}.Debug|Any CPU.ActiveCfg = Debug|Any CPU
		{48E3AADE-3714-4A87-ADFD-93C94C9C3ACC}.Debug|Any CPU.Build.0 = Debug|Any CPU
		{48E3AADE-3714-4A87-ADFD-93C94C9C3ACC}.Release|Any CPU.ActiveCfg = Release|Any CPU
		{48E3AADE-3714-4A87-ADFD-93C94C9C3ACC}.Release|Any CPU.Build.0 = Release|Any CPU
		{A5B10C29-5455-4B05-9A73-8D485F863F73}.Debug|Any CPU.ActiveCfg = Debug|Any CPU
		{A5B10C29-5455-4B05-9A73-8D485F863F73}.Debug|Any CPU.Build.0 = Debug|Any CPU
		{A5B10C29-5455-4B05-9A73-8D485F863F73}.Release|Any CPU.ActiveCfg = Release|Any CPU
		{A5B10C29-5455-4B05-9A73-8D485F863F73}.Release|Any CPU.Build.0 = Release|Any CPU
		{D16CFC5A-7F40-4BF1-BB2E-43AB22CB1279}.Debug|Any CPU.ActiveCfg = Debug|Any CPU
		{D16CFC5A-7F40-4BF1-BB2E-43AB22CB1279}.Debug|Any CPU.Build.0 = Debug|Any CPU
		{D16CFC5A-7F40-4BF1-BB2E-43AB22CB1279}.Release|Any CPU.ActiveCfg = Release|Any CPU
		{D16CFC5A-7F40-4BF1-BB2E-43AB22CB1279}.Release|Any CPU.Build.0 = Release|Any CPU
		{E52157F9-464A-4712-B905-F94175B970FC}.Debug|Any CPU.ActiveCfg = Debug|Any CPU
		{E52157F9-464A-4712-B905-F94175B970FC}.Debug|Any CPU.Build.0 = Debug|Any CPU
		{E52157F9-464A-4712-B905-F94175B970FC}.Release|Any CPU.ActiveCfg = Release|Any CPU
		{E52157F9-464A-4712-B905-F94175B970FC}.Release|Any CPU.Build.0 = Release|Any CPU
		{79722960-21DA-451D-9B76-6998973EF127}.Debug|Any CPU.ActiveCfg = Debug|Any CPU
		{79722960-21DA-451D-9B76-6998973EF127}.Debug|Any CPU.Build.0 = Debug|Any CPU
		{79722960-21DA-451D-9B76-6998973EF127}.Release|Any CPU.ActiveCfg = Release|Any CPU
		{79722960-21DA-451D-9B76-6998973EF127}.Release|Any CPU.Build.0 = Release|Any CPU
		{E6499CAF-E1F0-4970-B695-78E7E359DCEF}.Debug|Any CPU.ActiveCfg = Debug|Any CPU
		{E6499CAF-E1F0-4970-B695-78E7E359DCEF}.Debug|Any CPU.Build.0 = Debug|Any CPU
		{E6499CAF-E1F0-4970-B695-78E7E359DCEF}.Release|Any CPU.ActiveCfg = Release|Any CPU
		{E6499CAF-E1F0-4970-B695-78E7E359DCEF}.Release|Any CPU.Build.0 = Release|Any CPU
		{7A8AE12D-3950-40DD-BC12-0606DE62538C}.Debug|Any CPU.ActiveCfg = Debug|Any CPU
		{7A8AE12D-3950-40DD-BC12-0606DE62538C}.Debug|Any CPU.Build.0 = Debug|Any CPU
		{7A8AE12D-3950-40DD-BC12-0606DE62538C}.Release|Any CPU.ActiveCfg = Release|Any CPU
		{7A8AE12D-3950-40DD-BC12-0606DE62538C}.Release|Any CPU.Build.0 = Release|Any CPU
		{2174C66D-DC93-4264-B231-1FA5123809B4}.Debug|Any CPU.ActiveCfg = Debug|Any CPU
		{2174C66D-DC93-4264-B231-1FA5123809B4}.Debug|Any CPU.Build.0 = Debug|Any CPU
		{2174C66D-DC93-4264-B231-1FA5123809B4}.Release|Any CPU.ActiveCfg = Release|Any CPU
		{2174C66D-DC93-4264-B231-1FA5123809B4}.Release|Any CPU.Build.0 = Release|Any CPU
		{D76F227B-96E6-F8F9-3B3E-B5D731931E5D}.Debug|Any CPU.ActiveCfg = Debug|Any CPU
		{D76F227B-96E6-F8F9-3B3E-B5D731931E5D}.Debug|Any CPU.Build.0 = Debug|Any CPU
		{D76F227B-96E6-F8F9-3B3E-B5D731931E5D}.Release|Any CPU.ActiveCfg = Release|Any CPU
		{D76F227B-96E6-F8F9-3B3E-B5D731931E5D}.Release|Any CPU.Build.0 = Release|Any CPU
		{D7348503-B01D-4CF1-8D65-701C371D60B5}.Debug|Any CPU.ActiveCfg = Debug|Any CPU
		{D7348503-B01D-4CF1-8D65-701C371D60B5}.Debug|Any CPU.Build.0 = Debug|Any CPU
		{D7348503-B01D-4CF1-8D65-701C371D60B5}.Release|Any CPU.ActiveCfg = Release|Any CPU
		{D7348503-B01D-4CF1-8D65-701C371D60B5}.Release|Any CPU.Build.0 = Release|Any CPU
		{9A7D0AC3-7A71-5B60-9277-7A8AD14BEE3E}.Debug|Any CPU.ActiveCfg = Debug|Any CPU
		{9A7D0AC3-7A71-5B60-9277-7A8AD14BEE3E}.Debug|Any CPU.Build.0 = Debug|Any CPU
		{9A7D0AC3-7A71-5B60-9277-7A8AD14BEE3E}.Release|Any CPU.ActiveCfg = Release|Any CPU
		{9A7D0AC3-7A71-5B60-9277-7A8AD14BEE3E}.Release|Any CPU.Build.0 = Release|Any CPU
		{D18CACFE-97DC-49A2-9BE7-02A825BB35A1}.Debug|Any CPU.ActiveCfg = Debug|Any CPU
		{D18CACFE-97DC-49A2-9BE7-02A825BB35A1}.Debug|Any CPU.Build.0 = Debug|Any CPU
		{D18CACFE-97DC-49A2-9BE7-02A825BB35A1}.Release|Any CPU.ActiveCfg = Release|Any CPU
		{D18CACFE-97DC-49A2-9BE7-02A825BB35A1}.Release|Any CPU.Build.0 = Release|Any CPU
		{FDB7B1FA-014F-414C-BA06-663A2568A689}.Debug|Any CPU.ActiveCfg = Debug|Any CPU
		{FDB7B1FA-014F-414C-BA06-663A2568A689}.Debug|Any CPU.Build.0 = Debug|Any CPU
		{FDB7B1FA-014F-414C-BA06-663A2568A689}.Release|Any CPU.ActiveCfg = Release|Any CPU
		{FDB7B1FA-014F-414C-BA06-663A2568A689}.Release|Any CPU.Build.0 = Release|Any CPU
	EndGlobalSection
	GlobalSection(SolutionProperties) = preSolution
		HideSolutionNode = FALSE
	EndGlobalSection
	GlobalSection(NestedProjects) = preSolution
		{E6499CAF-E1F0-4970-B695-78E7E359DCEF} = {7E88866D-D083-4C32-877D-A8FE03A220B8}
		{7A8AE12D-3950-40DD-BC12-0606DE62538C} = {9C767501-1305-4751-9F94-0801E9CC82C8}
		{D76F227B-96E6-F8F9-3B3E-B5D731931E5D} = {9C767501-1305-4751-9F94-0801E9CC82C8}
		{9A7D0AC3-7A71-5B60-9277-7A8AD14BEE3E} = {9C767501-1305-4751-9F94-0801E9CC82C8}
	EndGlobalSection
	GlobalSection(ExtensibilityGlobals) = postSolution
		SolutionGuid = {CBFD8B4D-6BEE-45DF-8568-2B6CC0E5ACB2}
	EndGlobalSection
EndGlobal
